
Microsoft Visual Studio Solution File, Format Version 12.00
# Visual Studio Version 17
VisualStudioVersion = 17.11.35327.3
MinimumVisualStudioVersion = 10.0.40219.1
Project("{FAE04EC0-301F-11D3-BF4B-00C04F79EFBC}") = "Assigment2_SE172166", "Assigment2_SE172166\Assigment2_SE172166.csproj", "{06FAEB34-0707-417B-85C2-8BCD9E8956A8}"
EndProject
Project("{FAE04EC0-301F-11D3-BF4B-00C04F79EFBC}") = "CandidateManagement_BusinessObject", "CandidateManagement_BusinessObject\CandidateManagement_BusinessObject.csproj", "{70DC0423-66E7-4275-99F6-A34D7606D009}"
EndProject
Project("{FAE04EC0-301F-11D3-BF4B-00C04F79EFBC}") = "CandidateManagement_DAO", "CandidateManagement_DAO\CandidateManagement_DAO.csproj", "{236E3A3E-103C-47BD-BC04-99696EEF3410}"
EndProject
Project("{FAE04EC0-301F-11D3-BF4B-00C04F79EFBC}") = "CandidateManagement_Repository", "CandidateManagement_Repository\CandidateManagement_Repository.csproj", "{7E8819F3-83C0-4894-BC05-15E4384E037C}"
EndProject
Project("{FAE04EC0-301F-11D3-BF4B-00C04F79EFBC}") = "CandidateManagement_Service", "CandidateManagement_Service\CandidateManagement_Service.csproj", "{A318E439-BBE9-4DDA-99AD-0D27F4531C2F}"
EndProject
Global
	GlobalSection(SolutionConfigurationPlatforms) = preSolution
		Debug|Any CPU = Debug|Any CPU
		Release|Any CPU = Release|Any CPU
	EndGlobalSection
	GlobalSection(ProjectConfigurationPlatforms) = postSolution
		{06FAEB34-0707-417B-85C2-8BCD9E8956A8}.Debug|Any CPU.ActiveCfg = Debug|Any CPU
		{06FAEB34-0707-417B-85C2-8BCD9E8956A8}.Debug|Any CPU.Build.0 = Debug|Any CPU
		{06FAEB34-0707-417B-85C2-8BCD9E8956A8}.Release|Any CPU.ActiveCfg = Release|Any CPU
		{06FAEB34-0707-417B-85C2-8BCD9E8956A8}.Release|Any CPU.Build.0 = Release|Any CPU
		{70DC0423-66E7-4275-99F6-A34D7606D009}.Debug|Any CPU.ActiveCfg = Debug|Any CPU
		{70DC0423-66E7-4275-99F6-A34D7606D009}.Debug|Any CPU.Build.0 = Debug|Any CPU
		{70DC0423-66E7-4275-99F6-A34D7606D009}.Release|Any CPU.ActiveCfg = Release|Any CPU
		{70DC0423-66E7-4275-99F6-A34D7606D009}.Release|Any CPU.Build.0 = Release|Any CPU
		{236E3A3E-103C-47BD-BC04-99696EEF3410}.Debug|Any CPU.ActiveCfg = Debug|Any CPU
		{236E3A3E-103C-47BD-BC04-99696EEF3410}.Debug|Any CPU.Build.0 = Debug|Any CPU
		{236E3A3E-103C-47BD-BC04-99696EEF3410}.Release|Any CPU.ActiveCfg = Release|Any CPU
		{236E3A3E-103C-47BD-BC04-99696EEF3410}.Release|Any CPU.Build.0 = Release|Any CPU
		{7E8819F3-83C0-4894-BC05-15E4384E037C}.Debug|Any CPU.ActiveCfg = Debug|Any CPU
		{7E8819F3-83C0-4894-BC05-15E4384E037C}.Debug|Any CPU.Build.0 = Debug|Any CPU
		{7E8819F3-83C0-4894-BC05-15E4384E037C}.Release|Any CPU.ActiveCfg = Release|Any CPU
		{7E8819F3-83C0-4894-BC05-15E4384E037C}.Release|Any CPU.Build.0 = Release|Any CPU
		{A318E439-BBE9-4DDA-99AD-0D27F4531C2F}.Debug|Any CPU.ActiveCfg = Debug|Any CPU
		{A318E439-BBE9-4DDA-99AD-0D27F4531C2F}.Debug|Any CPU.Build.0 = Debug|Any CPU
		{A318E439-BBE9-4DDA-99AD-0D27F4531C2F}.Release|Any CPU.ActiveCfg = Release|Any CPU
		{A318E439-BBE9-4DDA-99AD-0D27F4531C2F}.Release|Any CPU.Build.0 = Release|Any CPU
	EndGlobalSection
	GlobalSection(SolutionProperties) = preSolution
		HideSolutionNode = FALSE
	EndGlobalSection
	GlobalSection(ExtensibilityGlobals) = postSolution
		SolutionGuid = {215F150F-E50C-42C5-B2D2-21044422DDEF}
	EndGlobalSection
EndGlobal
